
Microsoft Visual Studio Solution File, Format Version 12.00
# Visual Studio Version 16
VisualStudioVersion = 16.0.31624.102
MinimumVisualStudioVersion = 10.0.40219.1
Project("{FAE04EC0-301F-11D3-BF4B-00C04F79EFBC}") = "WizLib", "WizLib.csproj", "{CC510AA9-93C5-4E64-ADD5-86705B8E709D}"
EndProject
Project("{FAE04EC0-301F-11D3-BF4B-00C04F79EFBC}") = "WizLib_DataAccess", "..\WizLib_DataAccess\WizLib_DataAccess.csproj", "{52BAAA18-81A4-4A36-BECA-52F47717928C}"
EndProject
Project("{FAE04EC0-301F-11D3-BF4B-00C04F79EFBC}") = "WizLib_Model", "..\WizLib_Model\WizLib_Model.csproj", "{21EAE51E-47BF-42F3-A25F-309854ED2403}"
EndProject
Global
	GlobalSection(SolutionConfigurationPlatforms) = preSolution
		Debug|Any CPU = Debug|Any CPU
		Release|Any CPU = Release|Any CPU
	EndGlobalSection
	GlobalSection(ProjectConfigurationPlatforms) = postSolution
		{CC510AA9-93C5-4E64-ADD5-86705B8E709D}.Debug|Any CPU.ActiveCfg = Debug|Any CPU
		{CC510AA9-93C5-4E64-ADD5-86705B8E709D}.Debug|Any CPU.Build.0 = Debug|Any CPU
		{CC510AA9-93C5-4E64-ADD5-86705B8E709D}.Release|Any CPU.ActiveCfg = Release|Any CPU
		{CC510AA9-93C5-4E64-ADD5-86705B8E709D}.Release|Any CPU.Build.0 = Release|Any CPU
		{52BAAA18-81A4-4A36-BECA-52F47717928C}.Debug|Any CPU.ActiveCfg = Debug|Any CPU
		{52BAAA18-81A4-4A36-BECA-52F47717928C}.Debug|Any CPU.Build.0 = Debug|Any CPU
		{52BAAA18-81A4-4A36-BECA-52F47717928C}.Release|Any CPU.ActiveCfg = Release|Any CPU
		{52BAAA18-81A4-4A36-BECA-52F47717928C}.Release|Any CPU.Build.0 = Release|Any CPU
		{21EAE51E-47BF-42F3-A25F-309854ED2403}.Debug|Any CPU.ActiveCfg = Debug|Any CPU
		{21EAE51E-47BF-42F3-A25F-309854ED2403}.Debug|Any CPU.Build.0 = Debug|Any CPU
		{21EAE51E-47BF-42F3-A25F-309854ED2403}.Release|Any CPU.ActiveCfg = Release|Any CPU
		{21EAE51E-47BF-42F3-A25F-309854ED2403}.Release|Any CPU.Build.0 = Release|Any CPU
	EndGlobalSection
	GlobalSection(SolutionProperties) = preSolution
		HideSolutionNode = FALSE
	EndGlobalSection
	GlobalSection(ExtensibilityGlobals) = postSolution
		SolutionGuid = {F0C01194-8640-43A8-ADF8-3A571252648A}
	EndGlobalSection
EndGlobal
